// !$*UTF8*$!
{
	archiveVersion = 1;
	classes = {
	};
	objectVersion = 46;
	objects = {

/* Begin PBXBuildFile section */
		0CCAEA8A1E30FA0800360B98 /* AppDelegate.swift in Sources */ = {isa = PBXBuildFile; fileRef = 0CCAEA891E30FA0800360B98 /* AppDelegate.swift */; };
		0CCAEA8F1E30FA0800360B98 /* Main.storyboard in Resources */ = {isa = PBXBuildFile; fileRef = 0CCAEA8D1E30FA0800360B98 /* Main.storyboard */; };
		0CCAEA911E30FA0800360B98 /* Assets.xcassets in Resources */ = {isa = PBXBuildFile; fileRef = 0CCAEA901E30FA0800360B98 /* Assets.xcassets */; };
		0CCAEA941E30FA0800360B98 /* LaunchScreen.storyboard in Resources */ = {isa = PBXBuildFile; fileRef = 0CCAEA921E30FA0800360B98 /* LaunchScreen.storyboard */; };
		0CCAEA9C1E30FA8B00360B98 /* SwitchingViewController.swift in Sources */ = {isa = PBXBuildFile; fileRef = 0CCAEA9B1E30FA8B00360B98 /* SwitchingViewController.swift */; };
		0CCAEA9E1E30FAF700360B98 /* BlueViewController.swift in Sources */ = {isa = PBXBuildFile; fileRef = 0CCAEA9D1E30FAF700360B98 /* BlueViewController.swift */; };
		0CCAEAA01E30FB0D00360B98 /* YellowViewController.swift in Sources */ = {isa = PBXBuildFile; fileRef = 0CCAEA9F1E30FB0D00360B98 /* YellowViewController.swift */; };
/* End PBXBuildFile section */

/* Begin PBXFileReference section */
		0CCAEA861E30FA0800360B98 /* ViewSwitcher.app */ = {isa = PBXFileReference; explicitFileType = wrapper.application; includeInIndex = 0; path = ViewSwitcher.app; sourceTree = BUILT_PRODUCTS_DIR; };
		0CCAEA891E30FA0800360B98 /* AppDelegate.swift */ = {isa = PBXFileReference; lastKnownFileType = sourcecode.swift; path = AppDelegate.swift; sourceTree = "<group>"; };
		0CCAEA8E1E30FA0800360B98 /* Base */ = {isa = PBXFileReference; lastKnownFileType = file.storyboard; name = Base; path = Base.lproj/Main.storyboard; sourceTree = "<group>"; };
		0CCAEA901E30FA0800360B98 /* Assets.xcassets */ = {isa = PBXFileReference; lastKnownFileType = folder.assetcatalog; path = Assets.xcassets; sourceTree = "<group>"; };
		0CCAEA931E30FA0800360B98 /* Base */ = {isa = PBXFileReference; lastKnownFileType = file.storyboard; name = Base; path = Base.lproj/LaunchScreen.storyboard; sourceTree = "<group>"; };
		0CCAEA951E30FA0800360B98 /* Info.plist */ = {isa = PBXFileReference; lastKnownFileType = text.plist.xml; path = Info.plist; sourceTree = "<group>"; };
		0CCAEA9B1E30FA8B00360B98 /* SwitchingViewController.swift */ = {isa = PBXFileReference; fileEncoding = 4; lastKnownFileType = sourcecode.swift; path = SwitchingViewController.swift; sourceTree = "<group>"; };
		0CCAEA9D1E30FAF700360B98 /* BlueViewController.swift */ = {isa = PBXFileReference; fileEncoding = 4; lastKnownFileType = sourcecode.swift; path = BlueViewController.swift; sourceTree = "<group>"; };
		0CCAEA9F1E30FB0D00360B98 /* YellowViewController.swift */ = {isa = PBXFileReference; fileEncoding = 4; lastKnownFileType = sourcecode.swift; path = YellowViewController.swift; sourceTree = "<group>"; };
/* End PBXFileReference section */

/* Begin PBXFrameworksBuildPhase section */
		0CCAEA831E30FA0700360B98 /* Frameworks */ = {
			isa = PBXFrameworksBuildPhase;
			buildActionMask = 2147483647;
			files = (
			);
			runOnlyForDeploymentPostprocessing = 0;
		};
/* End PBXFrameworksBuildPhase section */

/* Begin PBXGroup section */
		0CCAEA7D1E30FA0700360B98 = {
			isa = PBXGroup;
			children = (
				0CCAEA881E30FA0800360B98 /* ViewSwitcher */,
				0CCAEA871E30FA0800360B98 /* Products */,
			);
			sourceTree = "<group>";
		};
		0CCAEA871E30FA0800360B98 /* Products */ = {
			isa = PBXGroup;
			children = (
				0CCAEA861E30FA0800360B98 /* ViewSwitcher.app */,
			);
			name = Products;
			sourceTree = "<group>";
		};
		0CCAEA881E30FA0800360B98 /* ViewSwitcher */ = {
			isa = PBXGroup;
			children = (
				0CCAEA891E30FA0800360B98 /* AppDelegate.swift */,
				0CCAEA9B1E30FA8B00360B98 /* SwitchingViewController.swift */,
				0CCAEA9D1E30FAF700360B98 /* BlueViewController.swift */,
				0CCAEA9F1E30FB0D00360B98 /* YellowViewController.swift */,
				0CCAEA8D1E30FA0800360B98 /* Main.storyboard */,
				0CCAEA901E30FA0800360B98 /* Assets.xcassets */,
				0CCAEA921E30FA0800360B98 /* LaunchScreen.storyboard */,
				0CCAEA951E30FA0800360B98 /* Info.plist */,
			);
			path = ViewSwitcher;
			sourceTree = "<group>";
		};
/* End PBXGroup section */

/* Begin PBXNativeTarget section */
		0CCAEA851E30FA0700360B98 /* ViewSwitcher */ = {
			isa = PBXNativeTarget;
			buildConfigurationList = 0CCAEA981E30FA0800360B98 /* Build configuration list for PBXNativeTarget "ViewSwitcher" */;
			buildPhases = (
				0CCAEA821E30FA0700360B98 /* Sources */,
				0CCAEA831E30FA0700360B98 /* Frameworks */,
				0CCAEA841E30FA0700360B98 /* Resources */,
			);
			buildRules = (
			);
			dependencies = (
			);
			name = ViewSwitcher;
			productName = ViewSwitcher;
			productReference = 0CCAEA861E30FA0800360B98 /* ViewSwitcher.app */;
			productType = "com.apple.product-type.application";
		};
/* End PBXNativeTarget section */

/* Begin PBXProject section */
		0CCAEA7E1E30FA0700360B98 /* Project object */ = {
			isa = PBXProject;
			attributes = {
				LastSwiftUpdateCheck = 0800;
				LastUpgradeCheck = 0800;
				ORGANIZATIONNAME = MyOrganization;
				TargetAttributes = {
					0CCAEA851E30FA0700360B98 = {
						CreatedOnToolsVersion = 8.0;
						DevelopmentTeam = S73U89V5U9;
						ProvisioningStyle = Automatic;
					};
				};
			};
			buildConfigurationList = 0CCAEA811E30FA0700360B98 /* Build configuration list for PBXProject "ViewSwitcher" */;
			compatibilityVersion = "Xcode 3.2";
			developmentRegion = English;
			hasScannedForEncodings = 0;
			knownRegions = (
				en,
				Base,
			);
			mainGroup = 0CCAEA7D1E30FA0700360B98;
			productRefGroup = 0CCAEA871E30FA0800360B98 /* Products */;
			projectDirPath = "";
			projectRoot = "";
			targets = (
				0CCAEA851E30FA0700360B98 /* ViewSwitcher */,
			);
		};
/* End PBXProject section */

/* Begin PBXResourcesBuildPhase section */
		0CCAEA841E30FA0700360B98 /* Resources */ = {
			isa = PBXResourcesBuildPhase;
			buildActionMask = 2147483647;
			files = (
				0CCAEA941E30FA0800360B98 /* LaunchScreen.storyboard in Resources */,
				0CCAEA911E30FA0800360B98 /* Assets.xcassets in Resources */,
				0CCAEA8F1E30FA0800360B98 /* Main.storyboard in Resources */,
			);
			runOnlyForDeploymentPostprocessing = 0;
		};
/* End PBXResourcesBuildPhase section */

/* Begin PBXSourcesBuildPhase section */
		0CCAEA821E30FA0700360B98 /* Sources */ = {
			isa = PBXSourcesBuildPhase;
			buildActionMask = 2147483647;
			files = (
				0CCAEAA01E30FB0D00360B98 /* YellowViewController.swift in Sources */,
				0CCAEA8A1E30FA0800360B98 /* AppDelegate.swift in Sources */,
				0CCAEA9E1E30FAF700360B98 /* BlueViewController.swift in Sources */,
				0CCAEA9C1E30FA8B00360B98 /* SwitchingViewController.swift in Sources */,
			);
			runOnlyForDeploymentPostprocessing = 0;
		};
/* End PBXSourcesBuildPhase section */

/* Begin PBXVariantGroup section */
		0CCAEA8D1E30FA0800360B98 /* Main.storyboard */ = {
			isa = PBXVariantGroup;
			children = (
				0CCAEA8E1E30FA0800360B98 /* Base */,
			);
			name = Main.storyboard;
			sourceTree = "<group>";
		};
		0CCAEA921E30FA0800360B98 /* LaunchScreen.storyboard */ = {
			isa = PBXVariantGroup;
			children = (
				0CCAEA931E30FA0800360B98 /* Base */,
			);
			name = LaunchScreen.storyboard;
			sourceTree = "<group>";
		};
/* End PBXVariantGroup section */

/* Begin XCBuildConfiguration section */
		0CCAEA961E30FA0800360B98 /* Debug */ = {
			isa = XCBuildConfiguration;
			buildSettings = {
				ALWAYS_SEARCH_USER_PATHS = NO;
				CLANG_ANALYZER_NONNULL = YES;
				CLANG_CXX_LANGUAGE_STANDARD = "gnu++0x";
				CLANG_CXX_LIBRARY = "libc++";
				CLANG_ENABLE_MODULES = YES;
				CLANG_ENABLE_OBJC_ARC = YES;
				CLANG_WARN_BOOL_CONVERSION = YES;
				CLANG_WARN_CONSTANT_CONVERSION = YES;
				CLANG_WARN_DIRECT_OBJC_ISA_USAGE = YES_ERROR;
				CLANG_WARN_DOCUMENTATION_COMMENTS = YES;
				CLANG_WARN_EMPTY_BODY = YES;
				CLANG_WARN_ENUM_CONVERSION = YES;
				CLANG_WARN_INFINITE_RECURSION = YES;
				CLANG_WARN_INT_CONVERSION = YES;
				CLANG_WARN_OBJC_ROOT_CLASS = YES_ERROR;
				CLANG_WARN_SUSPICIOUS_MOVES = YES;
				CLANG_WARN_UNREACHABLE_CODE = YES;
				CLANG_WARN__DUPLICATE_METHOD_MATCH = YES;
				"CODE_SIGN_IDENTITY[sdk=iphoneos*]" = "iPhone Developer";
				COPY_PHASE_STRIP = NO;
				DEBUG_INFORMATION_FORMAT = dwarf;
				ENABLE_STRICT_OBJC_MSGSEND = YES;
				ENABLE_TESTABILITY = YES;
				GCC_C_LANGUAGE_STANDARD = gnu99;
				GCC_DYNAMIC_NO_PIC = NO;
				GCC_NO_COMMON_BLOCKS = YES;
				GCC_OPTIMIZATION_LEVEL = 0;
				GCC_PREPROCESSOR_DEFINITIONS = (
					"DEBUG=1",
					"$(inherited)",
				);
				GCC_WARN_64_TO_32_BIT_CONVERSION = YES;
				GCC_WARN_ABOUT_RETURN_TYPE = YES_ERROR;
				GCC_WARN_UNDECLARED_SELECTOR = YES;
				GCC_WARN_UNINITIALIZED_AUTOS = YES_AGGRESSIVE;
				GCC_WARN_UNUSED_FUNCTION = YES;
				GCC_WARN_UNUSED_VARIABLE = YES;
				IPHONEOS_DEPLOYMENT_TARGET = 10.0;
				MTL_ENABLE_DEBUG_INFO = YES;
				ONLY_ACTIVE_ARCH = YES;
				SDKROOT = iphoneos;
				SWIFT_ACTIVE_COMPILATION_CONDITIONS = DEBUG;
				SWIFT_OPTIMIZATION_LEVEL = "-Onone";
				TARGETED_DEVICE_FAMILY = "1,2";
			};
			name = Debug;
		};
		0CCAEA971E30FA0800360B98 /* Release */ = {
			isa = XCBuildConfiguration;
			buildSettings = {
				ALWAYS_SEARCH_USER_PATHS = NO;
				CLANG_ANALYZER_NONNULL = YES;
				CLANG_CXX_LANGUAGE_STANDARD = "gnu++0x";
				CLANG_CXX_LIBRARY = "libc++";
				CLANG_ENABLE_MODULES = YES;
				CLANG_ENABLE_OBJC_ARC = YES;
				CLANG_WARN_BOOL_CONVERSION = YES;
				CLANG_WARN_CONSTANT_CONVERSION = YES;
				CLANG_WARN_DIRECT_OBJC_ISA_USAGE = YES_ERROR;
				CLANG_WARN_DOCUMENTATION_COMMENTS = YES;
				CLANG_WARN_EMPTY_BODY = YES;
				CLANG_WARN_ENUM_CONVERSION = YES;
				CLANG_WARN_INFINITE_RECURSION = YES;
				CLANG_WARN_INT_CONVERSION = YES;
				CLANG_WARN_OBJC_ROOT_CLASS = YES_ERROR;
				CLANG_WARN_SUSPICIOUS_MOVES = YES;
				CLANG_WARN_UNREACHABLE_CODE = YES;
				CLANG_WARN__DUPLICATE_METHOD_MATCH = YES;
				"CODE_SIGN_IDENTITY[sdk=iphoneos*]" = "iPhone Developer";
				COPY_PHASE_STRIP = NO;
				DEBUG_INFORMATION_FORMAT = "dwarf-with-dsym";
				ENABLE_NS_ASSERTIONS = NO;
				ENABLE_STRICT_OBJC_MSGSEND = YES;
				GCC_C_LANGUAGE_STANDARD = gnu99;
				GCC_NO_COMMON_BLOCKS = YES;
				GCC_WARN_64_TO_32_BIT_CONVERSION = YES;
				GCC_WARN_ABOUT_RETURN_TYPE = YES_ERROR;
				GCC_WARN_UNDECLARED_SELECTOR = YES;
				GCC_WARN_UNINITIALIZED_AUTOS = YES_AGGRESSIVE;
				GCC_WARN_UNUSED_FUNCTION = YES;
				GCC_WARN_UNUSED_VARIABLE = YES;
				IPHONEOS_DEPLOYMENT_TARGET = 10.0;
				MTL_ENABLE_DEBUG_INFO = NO;
				SDKROOT = iphoneos;
				SWIFT_OPTIMIZATION_LEVEL = "-Owholemodule";
				TARGETED_DEVICE_FAMILY = "1,2";
				VALIDATE_PRODUCT = YES;
			};
			name = Release;
		};
		0CCAEA991E30FA0800360B98 /* Debug */ = {
			isa = XCBuildConfiguration;
			buildSettings = {
				ASSETCATALOG_COMPILER_APPICON_NAME = AppIcon;
				DEVELOPMENT_TEAM = S73U89V5U9;
				INFOPLIST_FILE = ViewSwitcher/Info.plist;
				LD_RUNPATH_SEARCH_PATHS = "$(inherited) @executable_path/Frameworks";
				PRODUCT_BUNDLE_IDENTIFIER = com.weifeng.ViewSwitcher;
				PRODUCT_NAME = "$(TARGET_NAME)";
				SWIFT_VERSION = 3.0;
			};
			name = Debug;
		};
		0CCAEA9A1E30FA0800360B98 /* Release */ = {
			isa = XCBuildConfiguration;
			buildSettings = {
				ASSETCATALOG_COMPILER_APPICON_NAME = AppIcon;
				DEVELOPMENT_TEAM = S73U89V5U9;
				INFOPLIST_FILE = ViewSwitcher/Info.plist;
				LD_RUNPATH_SEARCH_PATHS = "$(inherited) @executable_path/Frameworks";
				PRODUCT_BUNDLE_IDENTIFIER = com.weifeng.ViewSwitcher;
				PRODUCT_NAME = "$(TARGET_NAME)";
				SWIFT_VERSION = 3.0;
			};
			name = Release;
		};
/* End XCBuildConfiguration section */

/* Begin XCConfigurationList section */
		0CCAEA811E30FA0700360B98 /* Build configuration list for PBXProject "ViewSwitcher" */ = {
			isa = XCConfigurationList;
			buildConfigurations = (
				0CCAEA961E30FA0800360B98 /* Debug */,
				0CCAEA971E30FA0800360B98 /* Release */,
			);
			defaultConfigurationIsVisible = 0;
			defaultConfigurationName = Release;
		};
		0CCAEA981E30FA0800360B98 /* Build configuration list for PBXNativeTarget "ViewSwitcher" */ = {
			isa = XCConfigurationList;
			buildConfigurations = (
				0CCAEA991E30FA0800360B98 /* Debug */,
				0CCAEA9A1E30FA0800360B98 /* Release */,
			);
			defaultConfigurationIsVisible = 0;
		};
/* End XCConfigurationList section */
	};
	rootObject = 0CCAEA7E1E30FA0700360B98 /* Project object */;
}
